<?xml version="1.0" encoding="utf-8"?>
<Project ToolsVersion="4.0" xmlns="http://schemas.microsoft.com/developer/msbuild/2003">
  <ItemGroup>
    <Filter Include="소스 파일">
      <UniqueIdentifier>{4FC737F1-C7A5-4376-A066-2A32D752A2FF}</UniqueIdentifier>
      <Extensions>cpp;c;cc;cxx;c++;cppm;ixx;def;odl;idl;hpj;bat;asm;asmx</Extensions>
    </Filter>
    <Filter Include="헤더 파일">
      <UniqueIdentifier>{93995380-89BD-4b04-88EB-625FBE52EBFB}</UniqueIdentifier>
      <Extensions>h;hh;hpp;hxx;h++;hm;inl;inc;ipp;xsd</Extensions>
    </Filter>
    <Filter Include="리소스 파일">
      <UniqueIdentifier>{67DA6AB6-F800-4c08-8B7A-83BB121AAD01}</UniqueIdentifier>
      <Extensions>rc;ico;cur;bmp;dlg;rc2;rct;bin;rgs;gif;jpg;jpeg;jpe;resx;tiff;tif;png;wav;mfcribbon-ms</Extensions>
    </Filter>
  </ItemGroup>
  <ItemGroup>
    <ClCompile Include="main.cpp">
      <Filter>리소스 파일</Filter>
    </ClCompile>
    <ClCompile Include="Account.cpp">
      <Filter>소스 파일</Filter>
    </ClCompile>
    <ClCompile Include="AccountHandler.cpp">
      <Filter>소스 파일</Filter>
    </ClCompile>
    <ClCompile Include="String.cpp">
      <Filter>소스 파일</Filter>
    </ClCompile>
    <ClCompile Include="MaxOperations.cpp">
      <Filter>소스 파일</Filter>
    </ClCompile>
  </ItemGroup>
  <ItemGroup>
    <ClInclude Include="Account.h">
      <Filter>헤더 파일</Filter>
    </ClInclude>
    <ClInclude Include="BankingCommonDecl.h">
      <Filter>헤더 파일</Filter>
    </ClInclude>
    <ClInclude Include="NormalAccount.h">
      <Filter>헤더 파일</Filter>
    </ClInclude>
    <ClInclude Include="HighCreditAccount.h">
      <Filter>헤더 파일</Filter>
    </ClInclude>
    <ClInclude Include="AccountHandler.h">
      <Filter>헤더 파일</Filter>
    </ClInclude>
    <ClInclude Include="AccountException.h">
      <Filter>헤더 파일</Filter>
    </ClInclude>
    <ClInclude Include="String.h">
      <Filter>헤더 파일</Filter>
    </ClInclude>
    <ClInclude Include="BoundCheckArray.h">
      <Filter>헤더 파일</Filter>
    </ClInclude>
    <ClInclude Include="TwoSum.h">
      <Filter>헤더 파일</Filter>
    </ClInclude>
    <ClInclude Include="MergeStringAlternately.h">
      <Filter>헤더 파일</Filter>
    </ClInclude>
    <ClInclude Include="GreatestCommonDivisorOfString.h">
      <Filter>헤더 파일</Filter>
    </ClInclude>
    <ClInclude Include="KidsWithCandies.h">
      <Filter>헤더 파일</Filter>
    </ClInclude>
    <ClInclude Include="CanPlaceFlowers.h">
      <Filter>헤더 파일</Filter>
    </ClInclude>
    <ClInclude Include="RreverseVowels.h">
      <Filter>헤더 파일</Filter>
    </ClInclude>
    <ClInclude Include="ReverseWords.h">
      <Filter>헤더 파일</Filter>
    </ClInclude>
    <ClInclude Include="ProductExceptSelf.h">
      <Filter>헤더 파일</Filter>
    </ClInclude>
    <ClInclude Include="IncreasingTriplet.h">
      <Filter>헤더 파일</Filter>
    </ClInclude>
    <ClInclude Include="Compress.h">
      <Filter>헤더 파일</Filter>
    </ClInclude>
    <ClInclude Include="MoveZeroes.h">
      <Filter>헤더 파일</Filter>
    </ClInclude>
    <ClInclude Include="IsSubsequence.h">
      <Filter>헤더 파일</Filter>
    </ClInclude>
    <ClInclude Include="MaxArea.h">
      <Filter>헤더 파일</Filter>
    </ClInclude>
    <ClInclude Include="FindMaxAverage.h">
      <Filter>헤더 파일</Filter>
    </ClInclude>
    <ClInclude Include="MaxVowels.h">
      <Filter>헤더 파일</Filter>
    </ClInclude>
    <ClInclude Include="LongestOnes.h">
      <Filter>헤더 파일</Filter>
    </ClInclude>
    <ClInclude Include="LongestSubarray.h">
      <Filter>헤더 파일</Filter>
    </ClInclude>
    <ClInclude Include="LargestAltitude.h">
      <Filter>헤더 파일</Filter>
    </ClInclude>
    <ClInclude Include="PivotIndex.h">
      <Filter>헤더 파일</Filter>
    </ClInclude>
    <ClInclude Include="FindDifference.h">
      <Filter>헤더 파일</Filter>
    </ClInclude>
  </ItemGroup>
</Project>